<?xml version="1.0" encoding="utf-8"?>
<Project ToolsVersion="16.0" xmlns="http://schemas.microsoft.com/developer/msbuild/2003">
  <ItemGroup>
    <ClCompile Include="C:\Temp\mashurov_v_v\prj.labs\lab05\lab05.cpp">
      <Filter>Source Files</Filter>
    </ClCompile>
  </ItemGroup>
  <ItemGroup>
    <CustomBuild Include="C:\Temp\mashurov_v_v\prj.labs\lab05\CMakeLists.txt" />
  </ItemGroup>
  <ItemGroup>
    <Natvis Include="C:\Temp\mashurov_v_v\dependencies\json\nlohmann_json.natvis" />
  </ItemGroup>
  <ItemGroup>
    <None Include="C:\Temp\mashurov_v_v\prj.labs\lab05\lab05.report.md.in.txt" />
  </ItemGroup>
  <ItemGroup>
    <Filter Include="Source Files">
      <UniqueIdentifier>{62A71509-0929-3295-821E-8DFDAA93F26C}</UniqueIdentifier>
    </Filter>
  </ItemGroup>
</Project>
