
Microsoft Visual Studio Solution File, Format Version 12.00
# Visual Studio Version 16
Project("{2150E333-8FDC-42A3-9474-1A3956D46DE8}") = "cmake", "cmake", "{855D7EEB-09C7-38D5-A7A9-458550F98DD6}"
EndProject
Project("{8BC9CEB8-8B4A-11D0-8D11-00A0C91BC942}") = "ALL_BUILD", "ALL_BUILD.vcxproj", "{9DEC52FD-51AF-3B80-A936-B23AE201B54A}"
	ProjectSection(ProjectDependencies) = postProject
		{301BBF2E-641B-3452-AFAD-2F451013EE3C} = {301BBF2E-641B-3452-AFAD-2F451013EE3C}
		{7C4CD60F-9E31-351C-8979-A33CE3950CEC} = {7C4CD60F-9E31-351C-8979-A33CE3950CEC}
		{9B990F9D-88F4-379A-AF0D-0201CCF3AEC2} = {9B990F9D-88F4-379A-AF0D-0201CCF3AEC2}
	EndProjectSection
EndProject
Project("{8BC9CEB8-8B4A-11D0-8D11-00A0C91BC942}") = "ZERO_CHECK", "ZERO_CHECK.vcxproj", "{301BBF2E-641B-3452-AFAD-2F451013EE3C}"
	ProjectSection(ProjectDependencies) = postProject
	EndProjectSection
EndProject
Project("{8BC9CEB8-8B4A-11D0-8D11-00A0C91BC942}") = "lab01", "prj.labs\lab01\lab01.vcxproj", "{7C4CD60F-9E31-351C-8979-A33CE3950CEC}"
	ProjectSection(ProjectDependencies) = postProject
		{301BBF2E-641B-3452-AFAD-2F451013EE3C} = {301BBF2E-641B-3452-AFAD-2F451013EE3C}
	EndProjectSection
EndProject
Project("{8BC9CEB8-8B4A-11D0-8D11-00A0C91BC942}") = "lab02", "prj.labs\lab02\lab02.vcxproj", "{9B990F9D-88F4-379A-AF0D-0201CCF3AEC2}"
	ProjectSection(ProjectDependencies) = postProject
		{301BBF2E-641B-3452-AFAD-2F451013EE3C} = {301BBF2E-641B-3452-AFAD-2F451013EE3C}
	EndProjectSection
EndProject
Global
	GlobalSection(SolutionConfigurationPlatforms) = preSolution
		Debug|x64 = Debug|x64
		Release|x64 = Release|x64
		MinSizeRel|x64 = MinSizeRel|x64
		RelWithDebInfo|x64 = RelWithDebInfo|x64
	EndGlobalSection
	GlobalSection(ProjectConfigurationPlatforms) = postSolution
		{9DEC52FD-51AF-3B80-A936-B23AE201B54A}.Debug|x64.ActiveCfg = Debug|x64
		{9DEC52FD-51AF-3B80-A936-B23AE201B54A}.Release|x64.ActiveCfg = Release|x64
		{9DEC52FD-51AF-3B80-A936-B23AE201B54A}.MinSizeRel|x64.ActiveCfg = MinSizeRel|x64
		{9DEC52FD-51AF-3B80-A936-B23AE201B54A}.RelWithDebInfo|x64.ActiveCfg = RelWithDebInfo|x64
		{301BBF2E-641B-3452-AFAD-2F451013EE3C}.Debug|x64.ActiveCfg = Debug|x64
		{301BBF2E-641B-3452-AFAD-2F451013EE3C}.Debug|x64.Build.0 = Debug|x64
		{301BBF2E-641B-3452-AFAD-2F451013EE3C}.Release|x64.ActiveCfg = Release|x64
		{301BBF2E-641B-3452-AFAD-2F451013EE3C}.Release|x64.Build.0 = Release|x64
		{301BBF2E-641B-3452-AFAD-2F451013EE3C}.MinSizeRel|x64.ActiveCfg = MinSizeRel|x64
		{301BBF2E-641B-3452-AFAD-2F451013EE3C}.MinSizeRel|x64.Build.0 = MinSizeRel|x64
		{301BBF2E-641B-3452-AFAD-2F451013EE3C}.RelWithDebInfo|x64.ActiveCfg = RelWithDebInfo|x64
		{301BBF2E-641B-3452-AFAD-2F451013EE3C}.RelWithDebInfo|x64.Build.0 = RelWithDebInfo|x64
		{7C4CD60F-9E31-351C-8979-A33CE3950CEC}.Debug|x64.ActiveCfg = Debug|x64
		{7C4CD60F-9E31-351C-8979-A33CE3950CEC}.Debug|x64.Build.0 = Debug|x64
		{7C4CD60F-9E31-351C-8979-A33CE3950CEC}.Release|x64.ActiveCfg = Release|x64
		{7C4CD60F-9E31-351C-8979-A33CE3950CEC}.Release|x64.Build.0 = Release|x64
		{7C4CD60F-9E31-351C-8979-A33CE3950CEC}.MinSizeRel|x64.ActiveCfg = MinSizeRel|x64
		{7C4CD60F-9E31-351C-8979-A33CE3950CEC}.MinSizeRel|x64.Build.0 = MinSizeRel|x64
		{7C4CD60F-9E31-351C-8979-A33CE3950CEC}.RelWithDebInfo|x64.ActiveCfg = RelWithDebInfo|x64
		{7C4CD60F-9E31-351C-8979-A33CE3950CEC}.RelWithDebInfo|x64.Build.0 = RelWithDebInfo|x64
		{9B990F9D-88F4-379A-AF0D-0201CCF3AEC2}.Debug|x64.ActiveCfg = Debug|x64
		{9B990F9D-88F4-379A-AF0D-0201CCF3AEC2}.Debug|x64.Build.0 = Debug|x64
		{9B990F9D-88F4-379A-AF0D-0201CCF3AEC2}.Release|x64.ActiveCfg = Release|x64
		{9B990F9D-88F4-379A-AF0D-0201CCF3AEC2}.Release|x64.Build.0 = Release|x64
		{9B990F9D-88F4-379A-AF0D-0201CCF3AEC2}.MinSizeRel|x64.ActiveCfg = MinSizeRel|x64
		{9B990F9D-88F4-379A-AF0D-0201CCF3AEC2}.MinSizeRel|x64.Build.0 = MinSizeRel|x64
		{9B990F9D-88F4-379A-AF0D-0201CCF3AEC2}.RelWithDebInfo|x64.ActiveCfg = RelWithDebInfo|x64
		{9B990F9D-88F4-379A-AF0D-0201CCF3AEC2}.RelWithDebInfo|x64.Build.0 = RelWithDebInfo|x64
	EndGlobalSection
	GlobalSection(NestedProjects) = preSolution
		{9DEC52FD-51AF-3B80-A936-B23AE201B54A} = {855D7EEB-09C7-38D5-A7A9-458550F98DD6}
		{301BBF2E-641B-3452-AFAD-2F451013EE3C} = {855D7EEB-09C7-38D5-A7A9-458550F98DD6}
	EndGlobalSection
	GlobalSection(ExtensibilityGlobals) = postSolution
		SolutionGuid = {E931486A-DE85-364C-8FA2-AAAD067843F0}
	EndGlobalSection
	GlobalSection(ExtensibilityAddIns) = postSolution
	EndGlobalSection
EndGlobal
