
Microsoft Visual Studio Solution File, Format Version 12.00
# Visual Studio Version 16
Project("{2150E333-8FDC-42A3-9474-1A3956D46DE8}") = "cmake", "cmake", "{3302D4A7-02D1-33D3-90C1-66EB8C9BB570}"
EndProject
Project("{8BC9CEB8-8B4A-11D0-8D11-00A0C91BC942}") = "ALL_BUILD", "ALL_BUILD.vcxproj", "{7B1B8C1F-5473-334F-9D92-ACDE15F34132}"
	ProjectSection(ProjectDependencies) = postProject
		{82441C52-16E5-3C5B-A61B-59108D3EF940} = {82441C52-16E5-3C5B-A61B-59108D3EF940}
		{33C55093-2187-3327-8592-94DAD0350CB2} = {33C55093-2187-3327-8592-94DAD0350CB2}
		{BFD64C1E-F747-3B10-B8D2-DE86ACE006A7} = {BFD64C1E-F747-3B10-B8D2-DE86ACE006A7}
		{B89CE7A7-179F-34B9-AF6D-2C134DA97EC5} = {B89CE7A7-179F-34B9-AF6D-2C134DA97EC5}
		{D3FB07E8-5149-3EE8-A7AC-5A1A158C18D1} = {D3FB07E8-5149-3EE8-A7AC-5A1A158C18D1}
		{8782A953-C1D2-3AD5-A91D-A9DA465D2387} = {8782A953-C1D2-3AD5-A91D-A9DA465D2387}
	EndProjectSection
EndProject
Project("{8BC9CEB8-8B4A-11D0-8D11-00A0C91BC942}") = "ZERO_CHECK", "ZERO_CHECK.vcxproj", "{82441C52-16E5-3C5B-A61B-59108D3EF940}"
	ProjectSection(ProjectDependencies) = postProject
	EndProjectSection
EndProject
Project("{8BC9CEB8-8B4A-11D0-8D11-00A0C91BC942}") = "lab01", "prj.labs\lab01\lab01.vcxproj", "{33C55093-2187-3327-8592-94DAD0350CB2}"
	ProjectSection(ProjectDependencies) = postProject
		{82441C52-16E5-3C5B-A61B-59108D3EF940} = {82441C52-16E5-3C5B-A61B-59108D3EF940}
	EndProjectSection
EndProject
Project("{8BC9CEB8-8B4A-11D0-8D11-00A0C91BC942}") = "lab02", "prj.labs\lab02\lab02.vcxproj", "{BFD64C1E-F747-3B10-B8D2-DE86ACE006A7}"
	ProjectSection(ProjectDependencies) = postProject
		{82441C52-16E5-3C5B-A61B-59108D3EF940} = {82441C52-16E5-3C5B-A61B-59108D3EF940}
	EndProjectSection
EndProject
Project("{8BC9CEB8-8B4A-11D0-8D11-00A0C91BC942}") = "lab03", "prj.labs\lab03\lab03.vcxproj", "{B89CE7A7-179F-34B9-AF6D-2C134DA97EC5}"
	ProjectSection(ProjectDependencies) = postProject
		{82441C52-16E5-3C5B-A61B-59108D3EF940} = {82441C52-16E5-3C5B-A61B-59108D3EF940}
	EndProjectSection
EndProject
Project("{8BC9CEB8-8B4A-11D0-8D11-00A0C91BC942}") = "lab04", "prj.labs\lab04\lab04.vcxproj", "{D3FB07E8-5149-3EE8-A7AC-5A1A158C18D1}"
	ProjectSection(ProjectDependencies) = postProject
		{82441C52-16E5-3C5B-A61B-59108D3EF940} = {82441C52-16E5-3C5B-A61B-59108D3EF940}
	EndProjectSection
EndProject
Project("{8BC9CEB8-8B4A-11D0-8D11-00A0C91BC942}") = "lab05", "prj.labs\lab05\lab05.vcxproj", "{8782A953-C1D2-3AD5-A91D-A9DA465D2387}"
	ProjectSection(ProjectDependencies) = postProject
		{82441C52-16E5-3C5B-A61B-59108D3EF940} = {82441C52-16E5-3C5B-A61B-59108D3EF940}
	EndProjectSection
EndProject
Global
	GlobalSection(SolutionConfigurationPlatforms) = preSolution
		Debug|x64 = Debug|x64
		Release|x64 = Release|x64
		MinSizeRel|x64 = MinSizeRel|x64
		RelWithDebInfo|x64 = RelWithDebInfo|x64
	EndGlobalSection
	GlobalSection(ProjectConfigurationPlatforms) = postSolution
		{7B1B8C1F-5473-334F-9D92-ACDE15F34132}.Debug|x64.ActiveCfg = Debug|x64
		{7B1B8C1F-5473-334F-9D92-ACDE15F34132}.Release|x64.ActiveCfg = Release|x64
		{7B1B8C1F-5473-334F-9D92-ACDE15F34132}.MinSizeRel|x64.ActiveCfg = MinSizeRel|x64
		{7B1B8C1F-5473-334F-9D92-ACDE15F34132}.RelWithDebInfo|x64.ActiveCfg = RelWithDebInfo|x64
		{82441C52-16E5-3C5B-A61B-59108D3EF940}.Debug|x64.ActiveCfg = Debug|x64
		{82441C52-16E5-3C5B-A61B-59108D3EF940}.Debug|x64.Build.0 = Debug|x64
		{82441C52-16E5-3C5B-A61B-59108D3EF940}.Release|x64.ActiveCfg = Release|x64
		{82441C52-16E5-3C5B-A61B-59108D3EF940}.Release|x64.Build.0 = Release|x64
		{82441C52-16E5-3C5B-A61B-59108D3EF940}.MinSizeRel|x64.ActiveCfg = MinSizeRel|x64
		{82441C52-16E5-3C5B-A61B-59108D3EF940}.MinSizeRel|x64.Build.0 = MinSizeRel|x64
		{82441C52-16E5-3C5B-A61B-59108D3EF940}.RelWithDebInfo|x64.ActiveCfg = RelWithDebInfo|x64
		{82441C52-16E5-3C5B-A61B-59108D3EF940}.RelWithDebInfo|x64.Build.0 = RelWithDebInfo|x64
		{33C55093-2187-3327-8592-94DAD0350CB2}.Debug|x64.ActiveCfg = Debug|x64
		{33C55093-2187-3327-8592-94DAD0350CB2}.Debug|x64.Build.0 = Debug|x64
		{33C55093-2187-3327-8592-94DAD0350CB2}.Release|x64.ActiveCfg = Release|x64
		{33C55093-2187-3327-8592-94DAD0350CB2}.Release|x64.Build.0 = Release|x64
		{33C55093-2187-3327-8592-94DAD0350CB2}.MinSizeRel|x64.ActiveCfg = MinSizeRel|x64
		{33C55093-2187-3327-8592-94DAD0350CB2}.MinSizeRel|x64.Build.0 = MinSizeRel|x64
		{33C55093-2187-3327-8592-94DAD0350CB2}.RelWithDebInfo|x64.ActiveCfg = RelWithDebInfo|x64
		{33C55093-2187-3327-8592-94DAD0350CB2}.RelWithDebInfo|x64.Build.0 = RelWithDebInfo|x64
		{BFD64C1E-F747-3B10-B8D2-DE86ACE006A7}.Debug|x64.ActiveCfg = Debug|x64
		{BFD64C1E-F747-3B10-B8D2-DE86ACE006A7}.Debug|x64.Build.0 = Debug|x64
		{BFD64C1E-F747-3B10-B8D2-DE86ACE006A7}.Release|x64.ActiveCfg = Release|x64
		{BFD64C1E-F747-3B10-B8D2-DE86ACE006A7}.Release|x64.Build.0 = Release|x64
		{BFD64C1E-F747-3B10-B8D2-DE86ACE006A7}.MinSizeRel|x64.ActiveCfg = MinSizeRel|x64
		{BFD64C1E-F747-3B10-B8D2-DE86ACE006A7}.MinSizeRel|x64.Build.0 = MinSizeRel|x64
		{BFD64C1E-F747-3B10-B8D2-DE86ACE006A7}.RelWithDebInfo|x64.ActiveCfg = RelWithDebInfo|x64
		{BFD64C1E-F747-3B10-B8D2-DE86ACE006A7}.RelWithDebInfo|x64.Build.0 = RelWithDebInfo|x64
		{B89CE7A7-179F-34B9-AF6D-2C134DA97EC5}.Debug|x64.ActiveCfg = Debug|x64
		{B89CE7A7-179F-34B9-AF6D-2C134DA97EC5}.Debug|x64.Build.0 = Debug|x64
		{B89CE7A7-179F-34B9-AF6D-2C134DA97EC5}.Release|x64.ActiveCfg = Release|x64
		{B89CE7A7-179F-34B9-AF6D-2C134DA97EC5}.Release|x64.Build.0 = Release|x64
		{B89CE7A7-179F-34B9-AF6D-2C134DA97EC5}.MinSizeRel|x64.ActiveCfg = MinSizeRel|x64
		{B89CE7A7-179F-34B9-AF6D-2C134DA97EC5}.MinSizeRel|x64.Build.0 = MinSizeRel|x64
		{B89CE7A7-179F-34B9-AF6D-2C134DA97EC5}.RelWithDebInfo|x64.ActiveCfg = RelWithDebInfo|x64
		{B89CE7A7-179F-34B9-AF6D-2C134DA97EC5}.RelWithDebInfo|x64.Build.0 = RelWithDebInfo|x64
		{D3FB07E8-5149-3EE8-A7AC-5A1A158C18D1}.Debug|x64.ActiveCfg = Debug|x64
		{D3FB07E8-5149-3EE8-A7AC-5A1A158C18D1}.Debug|x64.Build.0 = Debug|x64
		{D3FB07E8-5149-3EE8-A7AC-5A1A158C18D1}.Release|x64.ActiveCfg = Release|x64
		{D3FB07E8-5149-3EE8-A7AC-5A1A158C18D1}.Release|x64.Build.0 = Release|x64
		{D3FB07E8-5149-3EE8-A7AC-5A1A158C18D1}.MinSizeRel|x64.ActiveCfg = MinSizeRel|x64
		{D3FB07E8-5149-3EE8-A7AC-5A1A158C18D1}.MinSizeRel|x64.Build.0 = MinSizeRel|x64
		{D3FB07E8-5149-3EE8-A7AC-5A1A158C18D1}.RelWithDebInfo|x64.ActiveCfg = RelWithDebInfo|x64
		{D3FB07E8-5149-3EE8-A7AC-5A1A158C18D1}.RelWithDebInfo|x64.Build.0 = RelWithDebInfo|x64
		{8782A953-C1D2-3AD5-A91D-A9DA465D2387}.Debug|x64.ActiveCfg = Debug|x64
		{8782A953-C1D2-3AD5-A91D-A9DA465D2387}.Debug|x64.Build.0 = Debug|x64
		{8782A953-C1D2-3AD5-A91D-A9DA465D2387}.Release|x64.ActiveCfg = Release|x64
		{8782A953-C1D2-3AD5-A91D-A9DA465D2387}.Release|x64.Build.0 = Release|x64
		{8782A953-C1D2-3AD5-A91D-A9DA465D2387}.MinSizeRel|x64.ActiveCfg = MinSizeRel|x64
		{8782A953-C1D2-3AD5-A91D-A9DA465D2387}.MinSizeRel|x64.Build.0 = MinSizeRel|x64
		{8782A953-C1D2-3AD5-A91D-A9DA465D2387}.RelWithDebInfo|x64.ActiveCfg = RelWithDebInfo|x64
		{8782A953-C1D2-3AD5-A91D-A9DA465D2387}.RelWithDebInfo|x64.Build.0 = RelWithDebInfo|x64
	EndGlobalSection
	GlobalSection(NestedProjects) = preSolution
		{7B1B8C1F-5473-334F-9D92-ACDE15F34132} = {3302D4A7-02D1-33D3-90C1-66EB8C9BB570}
		{82441C52-16E5-3C5B-A61B-59108D3EF940} = {3302D4A7-02D1-33D3-90C1-66EB8C9BB570}
	EndGlobalSection
	GlobalSection(ExtensibilityGlobals) = postSolution
		SolutionGuid = {5619EE50-C19A-37E2-A576-DD57A0507653}
	EndGlobalSection
	GlobalSection(ExtensibilityAddIns) = postSolution
	EndGlobalSection
EndGlobal
